
Microsoft Visual Studio Solution File, Format Version 12.00
Project("{FAE04EC0-301F-11D3-BF4B-00C04F79EFBC}") = "BowlingGame", "BowlingGame\BowlingGame.csproj", "{84BA3232-36A9-4BDB-87A8-A9154BC7F88B}"
EndProject
Project("{FAE04EC0-301F-11D3-BF4B-00C04F79EFBC}") = "BowlingGameTests", "BowlingGameTests\BowlingGameTests.csproj", "{2A4DA75B-A6F4-4019-88E8-E37FEC9951D8}"
EndProject
Global
	GlobalSection(SolutionConfigurationPlatforms) = preSolution
		Debug|Any CPU = Debug|Any CPU
		Release|Any CPU = Release|Any CPU
	EndGlobalSection
	GlobalSection(ProjectConfigurationPlatforms) = postSolution
		{84BA3232-36A9-4BDB-87A8-A9154BC7F88B}.Debug|Any CPU.ActiveCfg = Debug|Any CPU
		{84BA3232-36A9-4BDB-87A8-A9154BC7F88B}.Debug|Any CPU.Build.0 = Debug|Any CPU
		{84BA3232-36A9-4BDB-87A8-A9154BC7F88B}.Release|Any CPU.ActiveCfg = Release|Any CPU
		{84BA3232-36A9-4BDB-87A8-A9154BC7F88B}.Release|Any CPU.Build.0 = Release|Any CPU
		{2A4DA75B-A6F4-4019-88E8-E37FEC9951D8}.Debug|Any CPU.ActiveCfg = Debug|Any CPU
		{2A4DA75B-A6F4-4019-88E8-E37FEC9951D8}.Debug|Any CPU.Build.0 = Debug|Any CPU
		{2A4DA75B-A6F4-4019-88E8-E37FEC9951D8}.Release|Any CPU.ActiveCfg = Release|Any CPU
		{2A4DA75B-A6F4-4019-88E8-E37FEC9951D8}.Release|Any CPU.Build.0 = Release|Any CPU
	EndGlobalSection
EndGlobal
